
Microsoft Visual Studio Solution File, Format Version 12.00
# Visual Studio Version 17
VisualStudioVersion = 17.14.36121.58 d17.14
MinimumVisualStudioVersion = 10.0.40219.1
Project("{FAE04EC0-301F-11D3-BF4B-00C04F79EFBC}") = "UserService", "UserService\UserService.csproj", "{28C19D01-AF12-4AE4-80F0-D3BD042ECA67}"
EndProject
Project("{FAE04EC0-301F-11D3-BF4B-00C04F79EFBC}") = "CdService", "CdService\CdService.csproj", "{CFBB33B5-0056-4ADF-A28F-C1EE00B7E217}"
EndProject
Project("{FAE04EC0-301F-11D3-BF4B-00C04F79EFBC}") = "ShoppingService", "ShoppingService\ShoppingService.csproj", "{F9385CFC-901D-4D82-9E40-A515FF0D0896}"
EndProject
Global
	GlobalSection(SolutionConfigurationPlatforms) = preSolution
		Debug|Any CPU = Debug|Any CPU
		Release|Any CPU = Release|Any CPU
	EndGlobalSection
	GlobalSection(ProjectConfigurationPlatforms) = postSolution
		{28C19D01-AF12-4AE4-80F0-D3BD042ECA67}.Debug|Any CPU.ActiveCfg = Debug|Any CPU
		{28C19D01-AF12-4AE4-80F0-D3BD042ECA67}.Debug|Any CPU.Build.0 = Debug|Any CPU
		{28C19D01-AF12-4AE4-80F0-D3BD042ECA67}.Release|Any CPU.ActiveCfg = Release|Any CPU
		{28C19D01-AF12-4AE4-80F0-D3BD042ECA67}.Release|Any CPU.Build.0 = Release|Any CPU
		{CFBB33B5-0056-4ADF-A28F-C1EE00B7E217}.Debug|Any CPU.ActiveCfg = Debug|Any CPU
		{CFBB33B5-0056-4ADF-A28F-C1EE00B7E217}.Debug|Any CPU.Build.0 = Debug|Any CPU
		{CFBB33B5-0056-4ADF-A28F-C1EE00B7E217}.Release|Any CPU.ActiveCfg = Release|Any CPU
		{CFBB33B5-0056-4ADF-A28F-C1EE00B7E217}.Release|Any CPU.Build.0 = Release|Any CPU
		{F9385CFC-901D-4D82-9E40-A515FF0D0896}.Debug|Any CPU.ActiveCfg = Debug|Any CPU
		{F9385CFC-901D-4D82-9E40-A515FF0D0896}.Debug|Any CPU.Build.0 = Debug|Any CPU
		{F9385CFC-901D-4D82-9E40-A515FF0D0896}.Release|Any CPU.ActiveCfg = Release|Any CPU
		{F9385CFC-901D-4D82-9E40-A515FF0D0896}.Release|Any CPU.Build.0 = Release|Any CPU
	EndGlobalSection
	GlobalSection(SolutionProperties) = preSolution
		HideSolutionNode = FALSE
	EndGlobalSection
	GlobalSection(ExtensibilityGlobals) = postSolution
		SolutionGuid = {7DC8D849-7775-4D52-9DDC-F2A112C03242}
	EndGlobalSection
EndGlobal
